langcode: en
status: true
dependencies:
  module:
    - islandora
    - islandora_bagger_integration
    - system
  theme:
    - carapace
_core:
  default_config_hash: HujOOZNGeAvxCkw15AXmhcEue2yYeCW0VSH6hK4RqZc
id: bagitblock
theme: carapace
region: sidebar_second
weight: 0
provider: null
plugin: islandora_bagger_block
settings:
  id: islandora_bagger_block
  label: 'BagIt block'
  provider: islandora_bagger_integration
  label_display: visible
visibility:
  entity_bundle:
    id: entity_bundle
    bundles:
      data_management_plan: data_management_plan
      islandora_rdm_dataset: islandora_rdm_dataset
    negate: false
    context_mapping:
      node: '@node.node_route_context:node'
  request_path:
    id: request_path
    pages: "/node/add/*\r\n/node/*/edit"
    negate: true
    context_mapping: {  }
